github.com/aws/aws-sdk-go-v2 v1.47.1 h1:uOIZnp4PK3ZhKI0dNrJrhTEsLxbpXHTAJlwoS1pvAtw=
github.com/aws/aws-sdk-go-v2 v1.47.1/go.mod h1:bttEH6JqnUL8LepvDVfdrds/fZ5bCIxzpe3abyUrhDU=
github.com/aws/aws-sdk-go-v2/credentials v1.20.6 h1:NpAFXCU7NzXNkdGK3zQTtsRJ+3v9tZQV0xcdRw8uBdw=
github.com/aws/aws-sdk-go-v2/credentials v1.20.6/go.mod h1:mcZCoiPnyMvP8VMNbygNX5lLqSlkYJIMPODylQMurOk=
github.com/aws/aws-sdk-go-v2/internal/configsources v1.5.4 h1:CLq4+8UHCI+ZZYl/EuJxXovaIVN2xeeT8JV+dsApQ5E=
github.com/aws/aws-sdk-go-v2/internal/configsources v1.5.4/go.mod h1:Wv4q5sAM04xAMkoOedxLx2inVf6K5FdxYp+A61L+q/0=
github.com/aws/aws-sdk-go-v2/internal/endpoints/v2 v2.8.4 h1:dD4MR81I7YkpEBRk6UP9rocC2QnT3qVuXwzlYTtfGEs=
github.com/aws/aws-sdk-go-v2/internal/endpoints/v2 v2.8.4/go.mod h1:EcXV1kAFd5XwSkDHlj94gnF3q5CkJyYiIJfH8N0VmrE=
github.com/aws/aws-sdk-go-v2/service/secretsmanager v1.50.1 h1:xYoGDAZtoSXI5wOfjv1jzG1AUOdXZthz4YL9DFvunrQ=
github.com/aws/aws-sdk-go-v2/service/secretsmanager v1.50.1/go.mod h1:dgXxccOMNsXm/eOkrQbBfxm4a6H8IiRphA7z69RG8hM=
github.com/aws/smithy-go v1.28.1 h1:R/nXH00c8qcfCzQVELtRw+eLQWtzv+VAIEFJ1/xxXlQ=
github.com/aws/smithy-go v1.28.1/go.mod h1:YE2RhdIuDbA5E5bTdciG9KrW3+TiEONeUWCqxX9i1Fc=
github.com/yashikota/minism v0.1.0 h1:+qf0bXlmEVD9d4wzZPpUijPEItG+ztLZ7tLGUYrZXfw=
github.com/yashikota/minism v0.1.0/go.mod h1:l8SYuwN2JAT0asUknfdQneGxdtObYGBX5u9+9R//pQM=
